<?xml version="1.0" encoding="utf-8"?>
<Project ToolsVersion="4.0" xmlns="http://schemas.microsoft.com/developer/msbuild/2003">
  <ItemGroup>
    <Filter Include="源文件">
      <UniqueIdentifier>{3b29f79a-de1c-488d-a22f-816f42fb2762}</UniqueIdentifier>
      <Extensions>cpp;c;cxx;rc;def;r;odl;idl;hpj;bat</Extensions>
    </Filter>
    <Filter Include="头文件">
      <UniqueIdentifier>{2bbcccc2-bdee-4060-a129-d571f0bba0b8}</UniqueIdentifier>
      <Extensions>h;hpp;hxx;hm;inl</Extensions>
    </Filter>
  </ItemGroup>
  <ItemGroup>
    <ClCompile Include="display.cpp">
      <Filter>源文件</Filter>
    </ClCompile>
    <ClCompile Include="..\nest_stack\main.cpp">
      <Filter>源文件</Filter>
    </ClCompile>
    <ClCompile Include="nest.cpp">
      <Filter>源文件</Filter>
    </ClCompile>
    <ClCompile Include="..\UniPrint\print_basic.cpp">
      <Filter>源文件</Filter>
    </ClCompile>
  </ItemGroup>
  <ItemGroup>
    <ClInclude Include="..\nest_stack\nest.h">
      <Filter>头文件</Filter>
    </ClInclude>
  </ItemGroup>
</Project>