<?xml version="1.0" encoding="utf-8"?>
<Project ToolsVersion="4.0" xmlns="http://schemas.microsoft.com/developer/msbuild/2003">
  <ItemGroup>
    <Filter Include="源文件">
      <UniqueIdentifier>{4FC737F1-C7A5-4376-A066-2A32D752A2FF}</UniqueIdentifier>
      <Extensions>cpp;c;cc;cxx;def;odl;idl;hpj;bat;asm;asmx</Extensions>
    </Filter>
    <Filter Include="头文件">
      <UniqueIdentifier>{93995380-89BD-4b04-88EB-625FBE52EBFB}</UniqueIdentifier>
      <Extensions>h;hpp;hxx;hm;inl;inc;xsd</Extensions>
    </Filter>
  </ItemGroup>
  <ItemGroup>
    <ClCompile Include="..\huffman\huffman_decode.cpp">
      <Filter>源文件</Filter>
    </ClCompile>
    <ClCompile Include="..\huffman\huffman_encode.cpp">
      <Filter>源文件</Filter>
    </ClCompile>
    <ClCompile Include="..\huffman\huffman_generateTable.cpp">
      <Filter>源文件</Filter>
    </ClCompile>
    <ClCompile Include="..\huffman\Huffman_PQ_generateTree.cpp">
      <Filter>源文件</Filter>
    </ClCompile>
    <ClCompile Include="..\huffman\huffman_PQ_initForest.cpp">
      <Filter>源文件</Filter>
    </ClCompile>
    <ClCompile Include="..\huffman\Huffman_PQ_Test.cpp">
      <Filter>源文件</Filter>
    </ClCompile>
    <ClCompile Include="..\huffman\huffman_statistics.cpp">
      <Filter>源文件</Filter>
    </ClCompile>
    <ClCompile Include="..\prime\primeNLT.cpp">
      <Filter>源文件</Filter>
    </ClCompile>
    <ClCompile Include="..\UniPrint\print_basic.cpp">
      <Filter>源文件</Filter>
    </ClCompile>
    <ClCompile Include="..\UniPrint\print_HuffChar.cpp">
      <Filter>源文件</Filter>
    </ClCompile>
  </ItemGroup>
  <ItemGroup>
    <ClInclude Include="..\BitMap\Bitmap.h">
      <Filter>头文件</Filter>
    </ClInclude>
    <ClInclude Include="..\huffman\huffChar.h">
      <Filter>头文件</Filter>
    </ClInclude>
    <ClInclude Include="..\huffman\HuffCode.h">
      <Filter>头文件</Filter>
    </ClInclude>
    <ClInclude Include="Huffman_Forest_PQ_ComplHeap.h">
      <Filter>头文件</Filter>
    </ClInclude>
    <ClInclude Include="..\huffman\HuffTable.h">
      <Filter>头文件</Filter>
    </ClInclude>
    <ClInclude Include="..\huffman\HuffTree.h">
      <Filter>头文件</Filter>
    </ClInclude>
    <ClInclude Include="..\PQ_ComplHeap\PQ_ComplHeap.h">
      <Filter>头文件</Filter>
    </ClInclude>
    <ClInclude Include="..\PQ_ComplHeap\PQ_ComplHeap_delMax.h">
      <Filter>头文件</Filter>
    </ClInclude>
    <ClInclude Include="..\PQ_ComplHeap\PQ_ComplHeap_getMax.h">
      <Filter>头文件</Filter>
    </ClInclude>
    <ClInclude Include="..\PQ_ComplHeap\PQ_ComplHeap_Heapify.h">
      <Filter>头文件</Filter>
    </ClInclude>
    <ClInclude Include="..\PQ_ComplHeap\PQ_ComplHeap_implementation.h">
      <Filter>头文件</Filter>
    </ClInclude>
    <ClInclude Include="..\PQ_ComplHeap\PQ_ComplHeap_insert.h">
      <Filter>头文件</Filter>
    </ClInclude>
    <ClInclude Include="..\PQ_ComplHeap\PQ_ComplHeap_macro.h">
      <Filter>头文件</Filter>
    </ClInclude>
    <ClInclude Include="..\PQ_ComplHeap\PQ_ComplHeap_percolateDown.h">
      <Filter>头文件</Filter>
    </ClInclude>
    <ClInclude Include="..\PQ_ComplHeap\PQ_ComplHeap_percolateUp.h">
      <Filter>头文件</Filter>
    </ClInclude>
  </ItemGroup>
</Project>