<?xml version="1.0" encoding="utf-8"?>
<Project ToolsVersion="4.0" xmlns="http://schemas.microsoft.com/developer/msbuild/2003">
  <ItemGroup>
    <Filter Include="源文件">
      <UniqueIdentifier>{80fa8dcb-677e-435b-a37a-a344c1aff0da}</UniqueIdentifier>
      <Extensions>cpp;c;cxx;rc;def;r;odl;idl;hpj;bat</Extensions>
    </Filter>
    <Filter Include="头文件">
      <UniqueIdentifier>{07a5bc48-4417-4978-b636-e4137489d7f9}</UniqueIdentifier>
      <Extensions>h;hpp;hxx;hm;inl</Extensions>
    </Filter>
  </ItemGroup>
  <ItemGroup>
    <ClCompile Include="main.cpp">
      <Filter>源文件</Filter>
    </ClCompile>
    <ClCompile Include="Power0.cpp">
      <Filter>源文件</Filter>
    </ClCompile>
    <ClCompile Include="Power1.cpp">
      <Filter>源文件</Filter>
    </ClCompile>
    <ClCompile Include="Power2-0-I.cpp">
      <Filter>源文件</Filter>
    </ClCompile>
    <ClCompile Include="Power2-0-R.cpp">
      <Filter>源文件</Filter>
    </ClCompile>
    <ClCompile Include="Power2-1-I.cpp">
      <Filter>源文件</Filter>
    </ClCompile>
    <ClCompile Include="Power2-1-R.cpp">
      <Filter>源文件</Filter>
    </ClCompile>
  </ItemGroup>
</Project>